
Microsoft Visual Studio Solution File, Format Version 12.00
# Visual Studio Version 16
VisualStudioVersion = 25.0.1706.3
MinimumVisualStudioVersion = 10.0.40219.1
Project("{FAE04EC0-301F-11D3-BF4B-00C04F79EFBC}") = "ConsoleApp", "ConsoleApp\ConsoleApp.csproj", "{3F496824-5C24-4440-8E0F-45C4F6B06BC0}"
EndProject
Project("{FAE04EC0-301F-11D3-BF4B-00C04F79EFBC}") = "ClassLibrary", "ClassLibrary\ClassLibrary.csproj", "{88091B0F-834D-45EA-B649-07C2137DEE68}"
EndProject
Global
	GlobalSection(SolutionConfigurationPlatforms) = preSolution
		Debug|Any CPU = Debug|Any CPU
		Release|Any CPU = Release|Any CPU
	EndGlobalSection
	GlobalSection(ProjectConfigurationPlatforms) = postSolution
		{3F496824-5C24-4440-8E0F-45C4F6B06BC0}.Debug|Any CPU.ActiveCfg = Debug|Any CPU
		{3F496824-5C24-4440-8E0F-45C4F6B06BC0}.Debug|Any CPU.Build.0 = Debug|Any CPU
		{3F496824-5C24-4440-8E0F-45C4F6B06BC0}.Release|Any CPU.ActiveCfg = Release|Any CPU
		{3F496824-5C24-4440-8E0F-45C4F6B06BC0}.Release|Any CPU.Build.0 = Release|Any CPU
		{88091B0F-834D-45EA-B649-07C2137DEE68}.Debug|Any CPU.ActiveCfg = Debug|Any CPU
		{88091B0F-834D-45EA-B649-07C2137DEE68}.Debug|Any CPU.Build.0 = Debug|Any CPU
		{88091B0F-834D-45EA-B649-07C2137DEE68}.Release|Any CPU.ActiveCfg = Release|Any CPU
		{88091B0F-834D-45EA-B649-07C2137DEE68}.Release|Any CPU.Build.0 = Release|Any CPU
	EndGlobalSection
	GlobalSection(SolutionProperties) = preSolution
		HideSolutionNode = FALSE
	EndGlobalSection
	GlobalSection(ExtensibilityGlobals) = postSolution
		SolutionGuid = {7C2A639E-A4CD-4444-B51C-459317E54EED}
	EndGlobalSection
EndGlobal
